
Microsoft Visual Studio Solution File, Format Version 10.00
# Visual Studio 2008
Project("{8BC9CEB8-8B4A-11D0-8D11-00A0C91BC942}") = "oglx_application", "oglx_application.vcproj", "{7B67819F-4777-4F31-A059-E322859BA839}"
EndProject
Global
	GlobalSection(SolutionConfigurationPlatforms) = preSolution
		OGL ES1 Debug|Win32 = OGL ES1 Debug|Win32
		OGL ES1 Release|Win32 = OGL ES1 Release|Win32
	EndGlobalSection
	GlobalSection(ProjectConfigurationPlatforms) = postSolution
		{7B67819F-4777-4F31-A059-E322859BA839}.OGL ES1 Debug|Win32.ActiveCfg = OGL ES1 Debug|Win32
		{7B67819F-4777-4F31-A059-E322859BA839}.OGL ES1 Debug|Win32.Build.0 = OGL ES1 Debug|Win32
		{7B67819F-4777-4F31-A059-E322859BA839}.OGL ES1 Release|Win32.ActiveCfg = OGL ES1 Release|Win32
		{7B67819F-4777-4F31-A059-E322859BA839}.OGL ES1 Release|Win32.Build.0 = OGL ES1 Release|Win32
	EndGlobalSection
	GlobalSection(SolutionProperties) = preSolution
		HideSolutionNode = FALSE
	EndGlobalSection
EndGlobal
